
Microsoft Visual Studio Solution File, Format Version 12.00
# Visual Studio Version 17
VisualStudioVersion = 17.7.34031.279
MinimumVisualStudioVersion = 10.0.40219.1
Project("{9A19103F-16F7-4668-BE54-9A1E7A4F7556}") = "WebProgramlamaProje", "WebProgramlamaProje\WebProgramlamaProje.csproj", "{778329E6-C163-44B5-93ED-76D2BBAB4528}"
EndProject
Global
	GlobalSection(SolutionConfigurationPlatforms) = preSolution
		Debug|Any CPU = Debug|Any CPU
		Release|Any CPU = Release|Any CPU
	EndGlobalSection
	GlobalSection(ProjectConfigurationPlatforms) = postSolution
		{778329E6-C163-44B5-93ED-76D2BBAB4528}.Debug|Any CPU.ActiveCfg = Debug|Any CPU
		{778329E6-C163-44B5-93ED-76D2BBAB4528}.Debug|Any CPU.Build.0 = Debug|Any CPU
		{778329E6-C163-44B5-93ED-76D2BBAB4528}.Release|Any CPU.ActiveCfg = Release|Any CPU
		{778329E6-C163-44B5-93ED-76D2BBAB4528}.Release|Any CPU.Build.0 = Release|Any CPU
	EndGlobalSection
	GlobalSection(SolutionProperties) = preSolution
		HideSolutionNode = FALSE
	EndGlobalSection
	GlobalSection(ExtensibilityGlobals) = postSolution
		SolutionGuid = {E3A1E89C-F1F9-48D4-9BE8-F8E3A5A62F42}
	EndGlobalSection
EndGlobal
